
Microsoft Visual Studio Solution File, Format Version 12.00
# Visual Studio Version 17
VisualStudioVersion = 17.8.34511.84
MinimumVisualStudioVersion = 10.0.40219.1
Project("{FAE04EC0-301F-11D3-BF4B-00C04F79EFBC}") = "RespositoryPatternWithUOW.API", "RespositoryPatternWithUOW.API\RespositoryPatternWithUOW.API.csproj", "{FC4526EF-6621-458E-88AE-37D3D51FC33E}"
EndProject
Project("{FAE04EC0-301F-11D3-BF4B-00C04F79EFBC}") = "RespositoryPatternWithUOW.Core", "RespositoryPatternWithUOW.Core\RespositoryPatternWithUOW.Core.csproj", "{ED21DE8E-D3D3-4B1F-B234-CFBD5F311015}"
EndProject
Project("{FAE04EC0-301F-11D3-BF4B-00C04F79EFBC}") = "RespositoryPatternWithUOW.EF", "RespositoryPatternWithUOW.EF\RespositoryPatternWithUOW.EF.csproj", "{BD7C16E8-8BEE-41C9-91E7-4E9EDE197D6B}"
EndProject
Global
	GlobalSection(SolutionConfigurationPlatforms) = preSolution
		Debug|Any CPU = Debug|Any CPU
		Release|Any CPU = Release|Any CPU
	EndGlobalSection
	GlobalSection(ProjectConfigurationPlatforms) = postSolution
		{FC4526EF-6621-458E-88AE-37D3D51FC33E}.Debug|Any CPU.ActiveCfg = Debug|Any CPU
		{FC4526EF-6621-458E-88AE-37D3D51FC33E}.Debug|Any CPU.Build.0 = Debug|Any CPU
		{FC4526EF-6621-458E-88AE-37D3D51FC33E}.Release|Any CPU.ActiveCfg = Release|Any CPU
		{FC4526EF-6621-458E-88AE-37D3D51FC33E}.Release|Any CPU.Build.0 = Release|Any CPU
		{ED21DE8E-D3D3-4B1F-B234-CFBD5F311015}.Debug|Any CPU.ActiveCfg = Debug|Any CPU
		{ED21DE8E-D3D3-4B1F-B234-CFBD5F311015}.Debug|Any CPU.Build.0 = Debug|Any CPU
		{ED21DE8E-D3D3-4B1F-B234-CFBD5F311015}.Release|Any CPU.ActiveCfg = Release|Any CPU
		{ED21DE8E-D3D3-4B1F-B234-CFBD5F311015}.Release|Any CPU.Build.0 = Release|Any CPU
		{BD7C16E8-8BEE-41C9-91E7-4E9EDE197D6B}.Debug|Any CPU.ActiveCfg = Debug|Any CPU
		{BD7C16E8-8BEE-41C9-91E7-4E9EDE197D6B}.Debug|Any CPU.Build.0 = Debug|Any CPU
		{BD7C16E8-8BEE-41C9-91E7-4E9EDE197D6B}.Release|Any CPU.ActiveCfg = Release|Any CPU
		{BD7C16E8-8BEE-41C9-91E7-4E9EDE197D6B}.Release|Any CPU.Build.0 = Release|Any CPU
	EndGlobalSection
	GlobalSection(SolutionProperties) = preSolution
		HideSolutionNode = FALSE
	EndGlobalSection
	GlobalSection(ExtensibilityGlobals) = postSolution
		SolutionGuid = {4FAE3EA4-956A-47CE-8BAE-F573DD9FA8C0}
	EndGlobalSection
EndGlobal
